<Solution>
  <Project Path="PredictionBacktester.ConsoleApp/PredictionBacktester.ConsoleApp.csproj" />
  <Project Path="PredictionBacktester.Core/PredictionBacktester.Core.csproj" />
  <Project Path="PredictionBacktester.Data/PredictionBacktester.Data.csproj" />
  <Project Path="PredictionBacktester.Engine/PredictionBacktester.Engine.csproj" />
  <Project Path="PredictionBacktester.Strategies/PredictionBacktester.Strategies.csproj" />
  <Project Path="PredictionLiveTrader/PredictionLiveTrader.csproj" />
</Solution>
